
Microsoft Visual Studio Solution File, Format Version 12.00
# Visual Studio Version 17
VisualStudioVersion = 17.5.33424.131
MinimumVisualStudioVersion = 10.0.40219.1
Project("{9A19103F-16F7-4668-BE54-9A1E7A4F7556}") = "Lesson1_封装_类和对象", "Lesson1\Lesson1_封装_类和对象.csproj", "{FB5AE86F-28CD-451B-B732-C3C608A828F1}"
EndProject
Project("{9A19103F-16F7-4668-BE54-9A1E7A4F7556}") = "Lesson2_封装_成员变量和访问修饰符", "Lesson2_封装_成员变量和访问修饰符\Lesson2_封装_成员变量和访问修饰符.csproj", "{B86D7E03-5F0D-465A-8D95-A9E6F99F7EAD}"
EndProject
Project("{9A19103F-16F7-4668-BE54-9A1E7A4F7556}") = "Lesson2_练习", "Lesson2_练习\Lesson2_练习.csproj", "{C23CA586-C161-4332-8C69-CDDE6897A9D6}"
EndProject
Project("{9A19103F-16F7-4668-BE54-9A1E7A4F7556}") = "Lesson3_封装_成员方法", "Lesson3_封装_成员方法\Lesson3_封装_成员方法.csproj", "{D96175DE-21AB-404D-9D56-6D00FD35FB1E}"
EndProject
Project("{9A19103F-16F7-4668-BE54-9A1E7A4F7556}") = "Lesson3_练习", "Lesson3_练习\Lesson3_练习.csproj", "{950C9F16-C4F7-443D-A6EF-3DB651EDCA1A}"
EndProject
Project("{9A19103F-16F7-4668-BE54-9A1E7A4F7556}") = "Lesson4_封装_构造函数和析构函数", "Lesson4_封装_构造函数和析构函数\Lesson4_封装_构造函数和析构函数.csproj", "{47FDE1C6-9E6D-4CF8-A01E-D215781E2CA5}"
EndProject
Project("{9A19103F-16F7-4668-BE54-9A1E7A4F7556}") = "Lesson5_封装_成员属性", "Lesson5_封装_成员属性\Lesson5_封装_成员属性.csproj", "{D85C2CBE-3D5B-41A9-BF57-07AACF9B9DFD}"
EndProject
Project("{9A19103F-16F7-4668-BE54-9A1E7A4F7556}") = "Lesson6_封装_索引器", "Lesson6_封装_索引器\Lesson6_封装_索引器.csproj", "{1EC39258-F441-4F3C-9556-41C96D262CFB}"
EndProject
Project("{9A19103F-16F7-4668-BE54-9A1E7A4F7556}") = "Lesson6_练习", "Lesson6_练习\Lesson6_练习.csproj", "{2DA1DF23-3A88-44E4-BFBF-0CFE34A2A82C}"
EndProject
Project("{9A19103F-16F7-4668-BE54-9A1E7A4F7556}") = "Lesson7_封装_静态成员", "Lesson7_封装_静态成员\Lesson7_封装_静态成员.csproj", "{43B4F847-D0C2-49CA-9808-36555E986596}"
EndProject
Project("{9A19103F-16F7-4668-BE54-9A1E7A4F7556}") = "Lesson8_封装_静态类和静态构造函数", "Lesson8_封装_静态类和静态构造函数\Lesson8_封装_静态类和静态构造函数.csproj", "{35FB80C2-2F1A-41BB-B0D4-5E19702581B0}"
EndProject
Project("{9A19103F-16F7-4668-BE54-9A1E7A4F7556}") = "Lesson9_封装_拓展方法", "Lesson9_封装_拓展方法\Lesson9_封装_拓展方法.csproj", "{9F492D09-BC1F-4F60-9D4F-B690E8BAA5FA}"
EndProject
Project("{9A19103F-16F7-4668-BE54-9A1E7A4F7556}") = "Lesson10_封装_运算符重载", "Lesson10_封装_运算符重载\Lesson10_封装_运算符重载.csproj", "{33C84D31-C81B-4AF5-A6F4-FD81D642BD3D}"
EndProject
Project("{9A19103F-16F7-4668-BE54-9A1E7A4F7556}") = "Lesson11_封装_内部类和分部类", "Lesson11_封装_内部类和分部类\Lesson11_封装_内部类和分部类.csproj", "{46A4614F-C3D2-4643-8B71-6D9030119E3D}"
EndProject
Project("{9A19103F-16F7-4668-BE54-9A1E7A4F7556}") = "测试专用", "测试专用\测试专用.csproj", "{4481B966-E042-4F24-8E3C-251140BB3305}"
EndProject
Project("{9A19103F-16F7-4668-BE54-9A1E7A4F7556}") = "Lesson12_继承_继承的基本规则", "Lesson12_继承_继承的基本规则\Lesson12_继承_继承的基本规则.csproj", "{59537948-EA02-450B-A9BB-3BD8E35AA87B}"
EndProject
Project("{9A19103F-16F7-4668-BE54-9A1E7A4F7556}") = "Lesson13_继承_里式替换原则", "Lesson13_继承_里式替换原则\Lesson13_继承_里式替换原则.csproj", "{8D6421BC-CF6B-48BE-82C6-4475581CA58E}"
EndProject
Project("{9A19103F-16F7-4668-BE54-9A1E7A4F7556}") = "Lesson13_练习", "Lesson13_练习\Lesson13_练习.csproj", "{A2B8EC9A-A223-44B0-9953-6037CE752E2F}"
EndProject
Project("{9A19103F-16F7-4668-BE54-9A1E7A4F7556}") = "Lesson14_继承_继承中的构造函数", "Lesson14_继承_继承中的构造函数\Lesson14_继承_继承中的构造函数.csproj", "{EA367A4C-A8D5-41B3-9EAC-7CE6995F6E44}"
EndProject
Project("{9A19103F-16F7-4668-BE54-9A1E7A4F7556}") = "Lesson15_继承_万物之父和装箱拆箱", "Lesson15_封装_万物之父和装箱拆箱\Lesson15_继承_万物之父和装箱拆箱.csproj", "{3BF56F96-6483-4B43-A493-3FA6D60A1017}"
EndProject
Global
	GlobalSection(SolutionConfigurationPlatforms) = preSolution
		Debug|Any CPU = Debug|Any CPU
		Release|Any CPU = Release|Any CPU
	EndGlobalSection
	GlobalSection(ProjectConfigurationPlatforms) = postSolution
		{FB5AE86F-28CD-451B-B732-C3C608A828F1}.Debug|Any CPU.ActiveCfg = Debug|Any CPU
		{FB5AE86F-28CD-451B-B732-C3C608A828F1}.Debug|Any CPU.Build.0 = Debug|Any CPU
		{FB5AE86F-28CD-451B-B732-C3C608A828F1}.Release|Any CPU.ActiveCfg = Release|Any CPU
		{FB5AE86F-28CD-451B-B732-C3C608A828F1}.Release|Any CPU.Build.0 = Release|Any CPU
		{B86D7E03-5F0D-465A-8D95-A9E6F99F7EAD}.Debug|Any CPU.ActiveCfg = Debug|Any CPU
		{B86D7E03-5F0D-465A-8D95-A9E6F99F7EAD}.Debug|Any CPU.Build.0 = Debug|Any CPU
		{B86D7E03-5F0D-465A-8D95-A9E6F99F7EAD}.Release|Any CPU.ActiveCfg = Release|Any CPU
		{B86D7E03-5F0D-465A-8D95-A9E6F99F7EAD}.Release|Any CPU.Build.0 = Release|Any CPU
		{C23CA586-C161-4332-8C69-CDDE6897A9D6}.Debug|Any CPU.ActiveCfg = Debug|Any CPU
		{C23CA586-C161-4332-8C69-CDDE6897A9D6}.Debug|Any CPU.Build.0 = Debug|Any CPU
		{C23CA586-C161-4332-8C69-CDDE6897A9D6}.Release|Any CPU.ActiveCfg = Release|Any CPU
		{C23CA586-C161-4332-8C69-CDDE6897A9D6}.Release|Any CPU.Build.0 = Release|Any CPU
		{D96175DE-21AB-404D-9D56-6D00FD35FB1E}.Debug|Any CPU.ActiveCfg = Debug|Any CPU
		{D96175DE-21AB-404D-9D56-6D00FD35FB1E}.Debug|Any CPU.Build.0 = Debug|Any CPU
		{D96175DE-21AB-404D-9D56-6D00FD35FB1E}.Release|Any CPU.ActiveCfg = Release|Any CPU
		{D96175DE-21AB-404D-9D56-6D00FD35FB1E}.Release|Any CPU.Build.0 = Release|Any CPU
		{950C9F16-C4F7-443D-A6EF-3DB651EDCA1A}.Debug|Any CPU.ActiveCfg = Debug|Any CPU
		{950C9F16-C4F7-443D-A6EF-3DB651EDCA1A}.Debug|Any CPU.Build.0 = Debug|Any CPU
		{950C9F16-C4F7-443D-A6EF-3DB651EDCA1A}.Release|Any CPU.ActiveCfg = Release|Any CPU
		{950C9F16-C4F7-443D-A6EF-3DB651EDCA1A}.Release|Any CPU.Build.0 = Release|Any CPU
		{47FDE1C6-9E6D-4CF8-A01E-D215781E2CA5}.Debug|Any CPU.ActiveCfg = Debug|Any CPU
		{47FDE1C6-9E6D-4CF8-A01E-D215781E2CA5}.Debug|Any CPU.Build.0 = Debug|Any CPU
		{47FDE1C6-9E6D-4CF8-A01E-D215781E2CA5}.Release|Any CPU.ActiveCfg = Release|Any CPU
		{47FDE1C6-9E6D-4CF8-A01E-D215781E2CA5}.Release|Any CPU.Build.0 = Release|Any CPU
		{D85C2CBE-3D5B-41A9-BF57-07AACF9B9DFD}.Debug|Any CPU.ActiveCfg = Debug|Any CPU
		{D85C2CBE-3D5B-41A9-BF57-07AACF9B9DFD}.Debug|Any CPU.Build.0 = Debug|Any CPU
		{D85C2CBE-3D5B-41A9-BF57-07AACF9B9DFD}.Release|Any CPU.ActiveCfg = Release|Any CPU
		{D85C2CBE-3D5B-41A9-BF57-07AACF9B9DFD}.Release|Any CPU.Build.0 = Release|Any CPU
		{1EC39258-F441-4F3C-9556-41C96D262CFB}.Debug|Any CPU.ActiveCfg = Debug|Any CPU
		{1EC39258-F441-4F3C-9556-41C96D262CFB}.Debug|Any CPU.Build.0 = Debug|Any CPU
		{1EC39258-F441-4F3C-9556-41C96D262CFB}.Release|Any CPU.ActiveCfg = Release|Any CPU
		{1EC39258-F441-4F3C-9556-41C96D262CFB}.Release|Any CPU.Build.0 = Release|Any CPU
		{2DA1DF23-3A88-44E4-BFBF-0CFE34A2A82C}.Debug|Any CPU.ActiveCfg = Debug|Any CPU
		{2DA1DF23-3A88-44E4-BFBF-0CFE34A2A82C}.Debug|Any CPU.Build.0 = Debug|Any CPU
		{2DA1DF23-3A88-44E4-BFBF-0CFE34A2A82C}.Release|Any CPU.ActiveCfg = Release|Any CPU
		{2DA1DF23-3A88-44E4-BFBF-0CFE34A2A82C}.Release|Any CPU.Build.0 = Release|Any CPU
		{43B4F847-D0C2-49CA-9808-36555E986596}.Debug|Any CPU.ActiveCfg = Debug|Any CPU
		{43B4F847-D0C2-49CA-9808-36555E986596}.Debug|Any CPU.Build.0 = Debug|Any CPU
		{43B4F847-D0C2-49CA-9808-36555E986596}.Release|Any CPU.ActiveCfg = Release|Any CPU
		{43B4F847-D0C2-49CA-9808-36555E986596}.Release|Any CPU.Build.0 = Release|Any CPU
		{35FB80C2-2F1A-41BB-B0D4-5E19702581B0}.Debug|Any CPU.ActiveCfg = Debug|Any CPU
		{35FB80C2-2F1A-41BB-B0D4-5E19702581B0}.Debug|Any CPU.Build.0 = Debug|Any CPU
		{35FB80C2-2F1A-41BB-B0D4-5E19702581B0}.Release|Any CPU.ActiveCfg = Release|Any CPU
		{35FB80C2-2F1A-41BB-B0D4-5E19702581B0}.Release|Any CPU.Build.0 = Release|Any CPU
		{9F492D09-BC1F-4F60-9D4F-B690E8BAA5FA}.Debug|Any CPU.ActiveCfg = Debug|Any CPU
		{9F492D09-BC1F-4F60-9D4F-B690E8BAA5FA}.Debug|Any CPU.Build.0 = Debug|Any CPU
		{9F492D09-BC1F-4F60-9D4F-B690E8BAA5FA}.Release|Any CPU.ActiveCfg = Release|Any CPU
		{9F492D09-BC1F-4F60-9D4F-B690E8BAA5FA}.Release|Any CPU.Build.0 = Release|Any CPU
		{33C84D31-C81B-4AF5-A6F4-FD81D642BD3D}.Debug|Any CPU.ActiveCfg = Debug|Any CPU
		{33C84D31-C81B-4AF5-A6F4-FD81D642BD3D}.Debug|Any CPU.Build.0 = Debug|Any CPU
		{33C84D31-C81B-4AF5-A6F4-FD81D642BD3D}.Release|Any CPU.ActiveCfg = Release|Any CPU
		{33C84D31-C81B-4AF5-A6F4-FD81D642BD3D}.Release|Any CPU.Build.0 = Release|Any CPU
		{46A4614F-C3D2-4643-8B71-6D9030119E3D}.Debug|Any CPU.ActiveCfg = Debug|Any CPU
		{46A4614F-C3D2-4643-8B71-6D9030119E3D}.Debug|Any CPU.Build.0 = Debug|Any CPU
		{46A4614F-C3D2-4643-8B71-6D9030119E3D}.Release|Any CPU.ActiveCfg = Release|Any CPU
		{46A4614F-C3D2-4643-8B71-6D9030119E3D}.Release|Any CPU.Build.0 = Release|Any CPU
		{4481B966-E042-4F24-8E3C-251140BB3305}.Debug|Any CPU.ActiveCfg = Debug|Any CPU
		{4481B966-E042-4F24-8E3C-251140BB3305}.Debug|Any CPU.Build.0 = Debug|Any CPU
		{4481B966-E042-4F24-8E3C-251140BB3305}.Release|Any CPU.ActiveCfg = Release|Any CPU
		{4481B966-E042-4F24-8E3C-251140BB3305}.Release|Any CPU.Build.0 = Release|Any CPU
		{59537948-EA02-450B-A9BB-3BD8E35AA87B}.Debug|Any CPU.ActiveCfg = Debug|Any CPU
		{59537948-EA02-450B-A9BB-3BD8E35AA87B}.Debug|Any CPU.Build.0 = Debug|Any CPU
		{59537948-EA02-450B-A9BB-3BD8E35AA87B}.Release|Any CPU.ActiveCfg = Release|Any CPU
		{59537948-EA02-450B-A9BB-3BD8E35AA87B}.Release|Any CPU.Build.0 = Release|Any CPU
		{8D6421BC-CF6B-48BE-82C6-4475581CA58E}.Debug|Any CPU.ActiveCfg = Debug|Any CPU
		{8D6421BC-CF6B-48BE-82C6-4475581CA58E}.Debug|Any CPU.Build.0 = Debug|Any CPU
		{8D6421BC-CF6B-48BE-82C6-4475581CA58E}.Release|Any CPU.ActiveCfg = Release|Any CPU
		{8D6421BC-CF6B-48BE-82C6-4475581CA58E}.Release|Any CPU.Build.0 = Release|Any CPU
		{A2B8EC9A-A223-44B0-9953-6037CE752E2F}.Debug|Any CPU.ActiveCfg = Debug|Any CPU
		{A2B8EC9A-A223-44B0-9953-6037CE752E2F}.Debug|Any CPU.Build.0 = Debug|Any CPU
		{A2B8EC9A-A223-44B0-9953-6037CE752E2F}.Release|Any CPU.ActiveCfg = Release|Any CPU
		{A2B8EC9A-A223-44B0-9953-6037CE752E2F}.Release|Any CPU.Build.0 = Release|Any CPU
		{EA367A4C-A8D5-41B3-9EAC-7CE6995F6E44}.Debug|Any CPU.ActiveCfg = Debug|Any CPU
		{EA367A4C-A8D5-41B3-9EAC-7CE6995F6E44}.Debug|Any CPU.Build.0 = Debug|Any CPU
		{EA367A4C-A8D5-41B3-9EAC-7CE6995F6E44}.Release|Any CPU.ActiveCfg = Release|Any CPU
		{EA367A4C-A8D5-41B3-9EAC-7CE6995F6E44}.Release|Any CPU.Build.0 = Release|Any CPU
		{3BF56F96-6483-4B43-A493-3FA6D60A1017}.Debug|Any CPU.ActiveCfg = Debug|Any CPU
		{3BF56F96-6483-4B43-A493-3FA6D60A1017}.Debug|Any CPU.Build.0 = Debug|Any CPU
		{3BF56F96-6483-4B43-A493-3FA6D60A1017}.Release|Any CPU.ActiveCfg = Release|Any CPU
		{3BF56F96-6483-4B43-A493-3FA6D60A1017}.Release|Any CPU.Build.0 = Release|Any CPU
	EndGlobalSection
	GlobalSection(SolutionProperties) = preSolution
		HideSolutionNode = FALSE
	EndGlobalSection
	GlobalSection(ExtensibilityGlobals) = postSolution
		SolutionGuid = {20451650-24D7-492C-9E0B-169DB2A82033}
	EndGlobalSection
EndGlobal
