
Microsoft Visual Studio Solution File, Format Version 12.00
# Visual Studio Version 17
VisualStudioVersion = 17.5.33424.131
MinimumVisualStudioVersion = 10.0.40219.1
Project("{9A19103F-16F7-4668-BE54-9A1E7A4F7556}") = "Lesson1_封装_类和对象", "Lesson1\Lesson1_封装_类和对象.csproj", "{FB5AE86F-28CD-451B-B732-C3C608A828F1}"
EndProject
Project("{9A19103F-16F7-4668-BE54-9A1E7A4F7556}") = "Lesson2_封装_成员变量和访问修饰符", "Lesson2_封装_成员变量和访问修饰符\Lesson2_封装_成员变量和访问修饰符.csproj", "{B86D7E03-5F0D-465A-8D95-A9E6F99F7EAD}"
EndProject
Project("{9A19103F-16F7-4668-BE54-9A1E7A4F7556}") = "Lesson2_练习", "Lesson2_练习\Lesson2_练习.csproj", "{C23CA586-C161-4332-8C69-CDDE6897A9D6}"
EndProject
Project("{9A19103F-16F7-4668-BE54-9A1E7A4F7556}") = "Lesson3_封装_成员方法", "Lesson3_封装_成员方法\Lesson3_封装_成员方法.csproj", "{D96175DE-21AB-404D-9D56-6D00FD35FB1E}"
EndProject
Project("{9A19103F-16F7-4668-BE54-9A1E7A4F7556}") = "Lesson3_练习", "Lesson3_练习\Lesson3_练习.csproj", "{950C9F16-C4F7-443D-A6EF-3DB651EDCA1A}"
EndProject
Project("{9A19103F-16F7-4668-BE54-9A1E7A4F7556}") = "Lesson4_封装_构造函数和析构函数", "Lesson4_封装_构造函数和析构函数\Lesson4_封装_构造函数和析构函数.csproj", "{47FDE1C6-9E6D-4CF8-A01E-D215781E2CA5}"
EndProject
Project("{9A19103F-16F7-4668-BE54-9A1E7A4F7556}") = "Lesson5_封装_成员属性", "Lesson5_封装_成员属性\Lesson5_封装_成员属性.csproj", "{D85C2CBE-3D5B-41A9-BF57-07AACF9B9DFD}"
EndProject
Project("{FAE04EC0-301F-11D3-BF4B-00C04F79EFBC}") = "Lesson6_封装_索引器", "Lesson6_封装_索引器\Lesson6_封装_索引器.csproj", "{1EC39258-F441-4F3C-9556-41C96D262CFB}"
EndProject
Global
	GlobalSection(SolutionConfigurationPlatforms) = preSolution
		Debug|Any CPU = Debug|Any CPU
		Release|Any CPU = Release|Any CPU
	EndGlobalSection
	GlobalSection(ProjectConfigurationPlatforms) = postSolution
		{FB5AE86F-28CD-451B-B732-C3C608A828F1}.Debug|Any CPU.ActiveCfg = Debug|Any CPU
		{FB5AE86F-28CD-451B-B732-C3C608A828F1}.Debug|Any CPU.Build.0 = Debug|Any CPU
		{FB5AE86F-28CD-451B-B732-C3C608A828F1}.Release|Any CPU.ActiveCfg = Release|Any CPU
		{FB5AE86F-28CD-451B-B732-C3C608A828F1}.Release|Any CPU.Build.0 = Release|Any CPU
		{B86D7E03-5F0D-465A-8D95-A9E6F99F7EAD}.Debug|Any CPU.ActiveCfg = Debug|Any CPU
		{B86D7E03-5F0D-465A-8D95-A9E6F99F7EAD}.Debug|Any CPU.Build.0 = Debug|Any CPU
		{B86D7E03-5F0D-465A-8D95-A9E6F99F7EAD}.Release|Any CPU.ActiveCfg = Release|Any CPU
		{B86D7E03-5F0D-465A-8D95-A9E6F99F7EAD}.Release|Any CPU.Build.0 = Release|Any CPU
		{C23CA586-C161-4332-8C69-CDDE6897A9D6}.Debug|Any CPU.ActiveCfg = Debug|Any CPU
		{C23CA586-C161-4332-8C69-CDDE6897A9D6}.Debug|Any CPU.Build.0 = Debug|Any CPU
		{C23CA586-C161-4332-8C69-CDDE6897A9D6}.Release|Any CPU.ActiveCfg = Release|Any CPU
		{C23CA586-C161-4332-8C69-CDDE6897A9D6}.Release|Any CPU.Build.0 = Release|Any CPU
		{D96175DE-21AB-404D-9D56-6D00FD35FB1E}.Debug|Any CPU.ActiveCfg = Debug|Any CPU
		{D96175DE-21AB-404D-9D56-6D00FD35FB1E}.Debug|Any CPU.Build.0 = Debug|Any CPU
		{D96175DE-21AB-404D-9D56-6D00FD35FB1E}.Release|Any CPU.ActiveCfg = Release|Any CPU
		{D96175DE-21AB-404D-9D56-6D00FD35FB1E}.Release|Any CPU.Build.0 = Release|Any CPU
		{950C9F16-C4F7-443D-A6EF-3DB651EDCA1A}.Debug|Any CPU.ActiveCfg = Debug|Any CPU
		{950C9F16-C4F7-443D-A6EF-3DB651EDCA1A}.Debug|Any CPU.Build.0 = Debug|Any CPU
		{950C9F16-C4F7-443D-A6EF-3DB651EDCA1A}.Release|Any CPU.ActiveCfg = Release|Any CPU
		{950C9F16-C4F7-443D-A6EF-3DB651EDCA1A}.Release|Any CPU.Build.0 = Release|Any CPU
		{47FDE1C6-9E6D-4CF8-A01E-D215781E2CA5}.Debug|Any CPU.ActiveCfg = Debug|Any CPU
		{47FDE1C6-9E6D-4CF8-A01E-D215781E2CA5}.Debug|Any CPU.Build.0 = Debug|Any CPU
		{47FDE1C6-9E6D-4CF8-A01E-D215781E2CA5}.Release|Any CPU.ActiveCfg = Release|Any CPU
		{47FDE1C6-9E6D-4CF8-A01E-D215781E2CA5}.Release|Any CPU.Build.0 = Release|Any CPU
		{D85C2CBE-3D5B-41A9-BF57-07AACF9B9DFD}.Debug|Any CPU.ActiveCfg = Debug|Any CPU
		{D85C2CBE-3D5B-41A9-BF57-07AACF9B9DFD}.Debug|Any CPU.Build.0 = Debug|Any CPU
		{D85C2CBE-3D5B-41A9-BF57-07AACF9B9DFD}.Release|Any CPU.ActiveCfg = Release|Any CPU
		{D85C2CBE-3D5B-41A9-BF57-07AACF9B9DFD}.Release|Any CPU.Build.0 = Release|Any CPU
		{1EC39258-F441-4F3C-9556-41C96D262CFB}.Debug|Any CPU.ActiveCfg = Debug|Any CPU
		{1EC39258-F441-4F3C-9556-41C96D262CFB}.Debug|Any CPU.Build.0 = Debug|Any CPU
		{1EC39258-F441-4F3C-9556-41C96D262CFB}.Release|Any CPU.ActiveCfg = Release|Any CPU
		{1EC39258-F441-4F3C-9556-41C96D262CFB}.Release|Any CPU.Build.0 = Release|Any CPU
	EndGlobalSection
	GlobalSection(SolutionProperties) = preSolution
		HideSolutionNode = FALSE
	EndGlobalSection
	GlobalSection(ExtensibilityGlobals) = postSolution
		SolutionGuid = {20451650-24D7-492C-9E0B-169DB2A82033}
	EndGlobalSection
EndGlobal
